
Microsoft Visual Studio Solution File, Format Version 12.00
# Visual Studio Version 17
VisualStudioVersion = 17.11.35222.181
MinimumVisualStudioVersion = 10.0.40219.1
Project("{2150E333-8FDC-42A3-9474-1A3956D46DE8}") = "Services", "Services", "{92BD9F15-840C-4D0A-980A-18D85E5741AD}"
EndProject
Project("{2150E333-8FDC-42A3-9474-1A3956D46DE8}") = "Catalog", "Catalog", "{73DC8E4F-D8BB-4571-8A21-06428F2D6C4A}"
EndProject
Project("{FAE04EC0-301F-11D3-BF4B-00C04F79EFBC}") = "Catalog.API", "Services\Catalog\Catalog.API\Catalog.API.csproj", "{5EE4547D-3C0B-4789-97DA-128DD3635653}"
EndProject
Global
	GlobalSection(SolutionConfigurationPlatforms) = preSolution
		Debug|Any CPU = Debug|Any CPU
		Release|Any CPU = Release|Any CPU
	EndGlobalSection
	GlobalSection(ProjectConfigurationPlatforms) = postSolution
		{5EE4547D-3C0B-4789-97DA-128DD3635653}.Debug|Any CPU.ActiveCfg = Debug|Any CPU
		{5EE4547D-3C0B-4789-97DA-128DD3635653}.Debug|Any CPU.Build.0 = Debug|Any CPU
		{5EE4547D-3C0B-4789-97DA-128DD3635653}.Release|Any CPU.ActiveCfg = Release|Any CPU
		{5EE4547D-3C0B-4789-97DA-128DD3635653}.Release|Any CPU.Build.0 = Release|Any CPU
	EndGlobalSection
	GlobalSection(SolutionProperties) = preSolution
		HideSolutionNode = FALSE
	EndGlobalSection
	GlobalSection(NestedProjects) = preSolution
		{73DC8E4F-D8BB-4571-8A21-06428F2D6C4A} = {92BD9F15-840C-4D0A-980A-18D85E5741AD}
		{5EE4547D-3C0B-4789-97DA-128DD3635653} = {73DC8E4F-D8BB-4571-8A21-06428F2D6C4A}
	EndGlobalSection
	GlobalSection(ExtensibilityGlobals) = postSolution
		SolutionGuid = {72C9045F-E134-4B26-BC91-FBE80E1AB97F}
	EndGlobalSection
EndGlobal
